
Microsoft Visual Studio Solution File, Format Version 12.00
# Visual Studio Version 17
VisualStudioVersion = 17.3.32804.467
MinimumVisualStudioVersion = 10.0.40219.1
Project("{FAE04EC0-301F-11D3-BF4B-00C04F79EFBC}") = "DI_Demo", "DI_Demo\DI_Demo.csproj", "{132E588A-DCE1-48BC-8983-FD69E4D7E891}"
EndProject
Project("{FAE04EC0-301F-11D3-BF4B-00C04F79EFBC}") = "Session_Demo", "Session_Demo\Session_Demo.csproj", "{DC6E9236-DA1E-4E4E-84B4-2C59399DCA2E}"
EndProject
Global
	GlobalSection(SolutionConfigurationPlatforms) = preSolution
		Debug|Any CPU = Debug|Any CPU
		Release|Any CPU = Release|Any CPU
	EndGlobalSection
	GlobalSection(ProjectConfigurationPlatforms) = postSolution
		{132E588A-DCE1-48BC-8983-FD69E4D7E891}.Debug|Any CPU.ActiveCfg = Debug|Any CPU
		{132E588A-DCE1-48BC-8983-FD69E4D7E891}.Debug|Any CPU.Build.0 = Debug|Any CPU
		{132E588A-DCE1-48BC-8983-FD69E4D7E891}.Release|Any CPU.ActiveCfg = Release|Any CPU
		{132E588A-DCE1-48BC-8983-FD69E4D7E891}.Release|Any CPU.Build.0 = Release|Any CPU
		{DC6E9236-DA1E-4E4E-84B4-2C59399DCA2E}.Debug|Any CPU.ActiveCfg = Debug|Any CPU
		{DC6E9236-DA1E-4E4E-84B4-2C59399DCA2E}.Debug|Any CPU.Build.0 = Debug|Any CPU
		{DC6E9236-DA1E-4E4E-84B4-2C59399DCA2E}.Release|Any CPU.ActiveCfg = Release|Any CPU
		{DC6E9236-DA1E-4E4E-84B4-2C59399DCA2E}.Release|Any CPU.Build.0 = Release|Any CPU
	EndGlobalSection
	GlobalSection(SolutionProperties) = preSolution
		HideSolutionNode = FALSE
	EndGlobalSection
	GlobalSection(ExtensibilityGlobals) = postSolution
		SolutionGuid = {3A573511-902D-46FC-93ED-E3B379170732}
	EndGlobalSection
EndGlobal
